{
  "name": "fluxel-jsbridge",
  "version": "0.3.0",
  "lockfileVersion": 3,
  "requires": true,
  "packages": {
    "": {
      "name": "fluxel-jsbridge",
      "version": "0.3.0",
      "license": "MIT",
      "workspaces": [
        "packages/*"
      ],
      "engines": {
        "node": ">=20"
      }
    },
    "node_modules/@fluxel/browser": {
      "resolved": "packages/browser",
      "link": true
    },
    "packages/browser": {
      "name": "@fluxel/browser",
      "version": "0.3.0",
      "license": "MIT",
      "engines": {
        "node": ">=20"
      }
    }
  }
}
